// !$*UTF8*$!
{
	archiveVersion = 1;
	classes = {
	};
	objectVersion = 50;
	objects = {

/* Begin PBXBuildFile section */
		6F1BBEFC2312BF4E003601E0 /* AppDelegate.swift in Sources */ = {isa = PBXBuildFile; fileRef = 6F1BBEFB2312BF4E003601E0 /* AppDelegate.swift */; };
		6F1BBF012312BF4E003601E0 /* Main.storyboard in Resources */ = {isa = PBXBuildFile; fileRef = 6F1BBEFF2312BF4E003601E0 /* Main.storyboard */; };
		6F1BBF032312BF4F003601E0 /* Assets.xcassets in Resources */ = {isa = PBXBuildFile; fileRef = 6F1BBF022312BF4F003601E0 /* Assets.xcassets */; };
		6F1BBF062312BF4F003601E0 /* LaunchScreen.storyboard in Resources */ = {isa = PBXBuildFile; fileRef = 6F1BBF042312BF4F003601E0 /* LaunchScreen.storyboard */; };
		6F1BBF102312C403003601E0 /* MainViewController.swift in Sources */ = {isa = PBXBuildFile; fileRef = 6F1BBF0F2312C403003601E0 /* MainViewController.swift */; };
		6F1BBF122312C41E003601E0 /* ChartViewController.swift in Sources */ = {isa = PBXBuildFile; fileRef = 6F1BBF112312C41E003601E0 /* ChartViewController.swift */; };
		6F1BBF142312C528003601E0 /* Question.swift in Sources */ = {isa = PBXBuildFile; fileRef = 6F1BBF132312C528003601E0 /* Question.swift */; };
		6F1BBF162312C648003601E0 /* ChartData.swift in Sources */ = {isa = PBXBuildFile; fileRef = 6F1BBF152312C648003601E0 /* ChartData.swift */; };
		6F1BBF1B2312CE0D003601E0 /* ErrorAlertPresenter.swift in Sources */ = {isa = PBXBuildFile; fileRef = 6F1BBF1A2312CE0D003601E0 /* ErrorAlertPresenter.swift */; };
		6F1BBF1D2312CF25003601E0 /* Constants.swift in Sources */ = {isa = PBXBuildFile; fileRef = 6F1BBF1C2312CF25003601E0 /* Constants.swift */; };
		6F1BBF212312DE98003601E0 /* PieChartTableViewCell.swift in Sources */ = {isa = PBXBuildFile; fileRef = 6F1BBF202312DE98003601E0 /* PieChartTableViewCell.swift */; };
		9051861E5D30FAE5B494900E /* Pods_grafica_satisfaccion.framework in Frameworks */ = {isa = PBXBuildFile; fileRef = 9D7017BA8FA98FBD30F3959C /* Pods_grafica_satisfaccion.framework */; };
/* End PBXBuildFile section */

/* Begin PBXFileReference section */
		6F1BBEF82312BF4E003601E0 /* grafica-satisfaccion.app */ = {isa = PBXFileReference; explicitFileType = wrapper.application; includeInIndex = 0; path = "grafica-satisfaccion.app"; sourceTree = BUILT_PRODUCTS_DIR; };
		6F1BBEFB2312BF4E003601E0 /* AppDelegate.swift */ = {isa = PBXFileReference; lastKnownFileType = sourcecode.swift; path = AppDelegate.swift; sourceTree = "<group>"; };
		6F1BBF002312BF4E003601E0 /* Base */ = {isa = PBXFileReference; lastKnownFileType = file.storyboard; name = Base; path = Base.lproj/Main.storyboard; sourceTree = "<group>"; };
		6F1BBF022312BF4F003601E0 /* Assets.xcassets */ = {isa = PBXFileReference; lastKnownFileType = folder.assetcatalog; path = Assets.xcassets; sourceTree = "<group>"; };
		6F1BBF052312BF4F003601E0 /* Base */ = {isa = PBXFileReference; lastKnownFileType = file.storyboard; name = Base; path = Base.lproj/LaunchScreen.storyboard; sourceTree = "<group>"; };
		6F1BBF072312BF4F003601E0 /* Info.plist */ = {isa = PBXFileReference; lastKnownFileType = text.plist.xml; path = Info.plist; sourceTree = "<group>"; };
		6F1BBF0F2312C403003601E0 /* MainViewController.swift */ = {isa = PBXFileReference; lastKnownFileType = sourcecode.swift; path = MainViewController.swift; sourceTree = "<group>"; };
		6F1BBF112312C41E003601E0 /* ChartViewController.swift */ = {isa = PBXFileReference; lastKnownFileType = sourcecode.swift; path = ChartViewController.swift; sourceTree = "<group>"; };
		6F1BBF132312C528003601E0 /* Question.swift */ = {isa = PBXFileReference; lastKnownFileType = sourcecode.swift; path = Question.swift; sourceTree = "<group>"; };
		6F1BBF152312C648003601E0 /* ChartData.swift */ = {isa = PBXFileReference; lastKnownFileType = sourcecode.swift; path = ChartData.swift; sourceTree = "<group>"; };
		6F1BBF1A2312CE0D003601E0 /* ErrorAlertPresenter.swift */ = {isa = PBXFileReference; fileEncoding = 4; lastKnownFileType = sourcecode.swift; path = ErrorAlertPresenter.swift; sourceTree = "<group>"; };
		6F1BBF1C2312CF25003601E0 /* Constants.swift */ = {isa = PBXFileReference; lastKnownFileType = sourcecode.swift; path = Constants.swift; sourceTree = "<group>"; };
		6F1BBF202312DE98003601E0 /* PieChartTableViewCell.swift */ = {isa = PBXFileReference; lastKnownFileType = sourcecode.swift; path = PieChartTableViewCell.swift; sourceTree = "<group>"; };
		8284C24220DC4B6209E8EB20 /* Pods-grafica-satisfaccion.release.xcconfig */ = {isa = PBXFileReference; includeInIndex = 1; lastKnownFileType = text.xcconfig; name = "Pods-grafica-satisfaccion.release.xcconfig"; path = "Pods/Target Support Files/Pods-grafica-satisfaccion/Pods-grafica-satisfaccion.release.xcconfig"; sourceTree = "<group>"; };
		847BF4F630FE5C651504BE69 /* Pods-grafica-satisfaccion.debug.xcconfig */ = {isa = PBXFileReference; includeInIndex = 1; lastKnownFileType = text.xcconfig; name = "Pods-grafica-satisfaccion.debug.xcconfig"; path = "Pods/Target Support Files/Pods-grafica-satisfaccion/Pods-grafica-satisfaccion.debug.xcconfig"; sourceTree = "<group>"; };
		9D7017BA8FA98FBD30F3959C /* Pods_grafica_satisfaccion.framework */ = {isa = PBXFileReference; explicitFileType = wrapper.framework; includeInIndex = 0; path = Pods_grafica_satisfaccion.framework; sourceTree = BUILT_PRODUCTS_DIR; };
/* End PBXFileReference section */

/* Begin PBXFrameworksBuildPhase section */
		6F1BBEF52312BF4E003601E0 /* Frameworks */ = {
			isa = PBXFrameworksBuildPhase;
			buildActionMask = 2147483647;
			files = (
				9051861E5D30FAE5B494900E /* Pods_grafica_satisfaccion.framework in Frameworks */,
			);
			runOnlyForDeploymentPostprocessing = 0;
		};
/* End PBXFrameworksBuildPhase section */

/* Begin PBXGroup section */
		6F1BBEEF2312BF4E003601E0 = {
			isa = PBXGroup;
			children = (
				6F1BBEFA2312BF4E003601E0 /* grafica-satisfaccion */,
				6F1BBEF92312BF4E003601E0 /* Products */,
				8847B4D98731EED795B27F55 /* Pods */,
				828191859F5FA5709C368BC3 /* Frameworks */,
			);
			sourceTree = "<group>";
		};
		6F1BBEF92312BF4E003601E0 /* Products */ = {
			isa = PBXGroup;
			children = (
				6F1BBEF82312BF4E003601E0 /* grafica-satisfaccion.app */,
			);
			name = Products;
			sourceTree = "<group>";
		};
		6F1BBEFA2312BF4E003601E0 /* grafica-satisfaccion */ = {
			isa = PBXGroup;
			children = (
				6F1BBF1F2312DE7C003601E0 /* CustomCells */,
				6F1BBF172312CD2E003601E0 /* Helpers */,
				6F1BBF0E2312C240003601E0 /* Controllers */,
				6F1BBF0D2312C239003601E0 /* Models */,
				6F1BBEFB2312BF4E003601E0 /* AppDelegate.swift */,
				6F1BBEFF2312BF4E003601E0 /* Main.storyboard */,
				6F1BBF022312BF4F003601E0 /* Assets.xcassets */,
				6F1BBF042312BF4F003601E0 /* LaunchScreen.storyboard */,
				6F1BBF072312BF4F003601E0 /* Info.plist */,
			);
			path = "grafica-satisfaccion";
			sourceTree = "<group>";
		};
		6F1BBF0D2312C239003601E0 /* Models */ = {
			isa = PBXGroup;
			children = (
				6F1BBF132312C528003601E0 /* Question.swift */,
				6F1BBF152312C648003601E0 /* ChartData.swift */,
			);
			path = Models;
			sourceTree = "<group>";
		};
		6F1BBF0E2312C240003601E0 /* Controllers */ = {
			isa = PBXGroup;
			children = (
				6F1BBF0F2312C403003601E0 /* MainViewController.swift */,
				6F1BBF112312C41E003601E0 /* ChartViewController.swift */,
			);
			path = Controllers;
			sourceTree = "<group>";
		};
		6F1BBF172312CD2E003601E0 /* Helpers */ = {
			isa = PBXGroup;
			children = (
				6F1BBF1A2312CE0D003601E0 /* ErrorAlertPresenter.swift */,
				6F1BBF1C2312CF25003601E0 /* Constants.swift */,
			);
			path = Helpers;
			sourceTree = "<group>";
		};
		6F1BBF1F2312DE7C003601E0 /* CustomCells */ = {
			isa = PBXGroup;
			children = (
				6F1BBF202312DE98003601E0 /* PieChartTableViewCell.swift */,
			);
			path = CustomCells;
			sourceTree = "<group>";
		};
		828191859F5FA5709C368BC3 /* Frameworks */ = {
			isa = PBXGroup;
			children = (
				9D7017BA8FA98FBD30F3959C /* Pods_grafica_satisfaccion.framework */,
			);
			name = Frameworks;
			sourceTree = "<group>";
		};
		8847B4D98731EED795B27F55 /* Pods */ = {
			isa = PBXGroup;
			children = (
				847BF4F630FE5C651504BE69 /* Pods-grafica-satisfaccion.debug.xcconfig */,
				8284C24220DC4B6209E8EB20 /* Pods-grafica-satisfaccion.release.xcconfig */,
			);
			name = Pods;
			sourceTree = "<group>";
		};
/* End PBXGroup section */

/* Begin PBXNativeTarget section */
		6F1BBEF72312BF4E003601E0 /* grafica-satisfaccion */ = {
			isa = PBXNativeTarget;
			buildConfigurationList = 6F1BBF0A2312BF4F003601E0 /* Build configuration list for PBXNativeTarget "grafica-satisfaccion" */;
			buildPhases = (
				93E11AAC2C989AF599B56805 /* [CP] Check Pods Manifest.lock */,
				6F1BBEF42312BF4E003601E0 /* Sources */,
				6F1BBEF52312BF4E003601E0 /* Frameworks */,
				6F1BBEF62312BF4E003601E0 /* Resources */,
				CB412C3AA596D4E11D529C4F /* [CP] Embed Pods Frameworks */,
			);
			buildRules = (
			);
			dependencies = (
			);
			name = "grafica-satisfaccion";
			productName = "grafica-satisfaccion";
			productReference = 6F1BBEF82312BF4E003601E0 /* grafica-satisfaccion.app */;
			productType = "com.apple.product-type.application";
		};
/* End PBXNativeTarget section */

/* Begin PBXProject section */
		6F1BBEF02312BF4E003601E0 /* Project object */ = {
			isa = PBXProject;
			attributes = {
				LastSwiftUpdateCheck = 1030;
				LastUpgradeCheck = 1030;
				ORGANIZATIONNAME = " Jose  Santiago";
				TargetAttributes = {
					6F1BBEF72312BF4E003601E0 = {
						CreatedOnToolsVersion = 10.3;
					};
				};
			};
			buildConfigurationList = 6F1BBEF32312BF4E003601E0 /* Build configuration list for PBXProject "grafica-satisfaccion" */;
			compatibilityVersion = "Xcode 9.3";
			developmentRegion = en;
			hasScannedForEncodings = 0;
			knownRegions = (
				en,
				Base,
			);
			mainGroup = 6F1BBEEF2312BF4E003601E0;
			productRefGroup = 6F1BBEF92312BF4E003601E0 /* Products */;
			projectDirPath = "";
			projectRoot = "";
			targets = (
				6F1BBEF72312BF4E003601E0 /* grafica-satisfaccion */,
			);
		};
/* End PBXProject section */

/* Begin PBXResourcesBuildPhase section */
		6F1BBEF62312BF4E003601E0 /* Resources */ = {
			isa = PBXResourcesBuildPhase;
			buildActionMask = 2147483647;
			files = (
				6F1BBF062312BF4F003601E0 /* LaunchScreen.storyboard in Resources */,
				6F1BBF032312BF4F003601E0 /* Assets.xcassets in Resources */,
				6F1BBF012312BF4E003601E0 /* Main.storyboard in Resources */,
			);
			runOnlyForDeploymentPostprocessing = 0;
		};
/* End PBXResourcesBuildPhase section */

/* Begin PBXShellScriptBuildPhase section */
		93E11AAC2C989AF599B56805 /* [CP] Check Pods Manifest.lock */ = {
			isa = PBXShellScriptBuildPhase;
			buildActionMask = 2147483647;
			files = (
			);
			inputFileListPaths = (
			);
			inputPaths = (
				"${PODS_PODFILE_DIR_PATH}/Podfile.lock",
				"${PODS_ROOT}/Manifest.lock",
			);
			name = "[CP] Check Pods Manifest.lock";
			outputFileListPaths = (
			);
			outputPaths = (
				"$(DERIVED_FILE_DIR)/Pods-grafica-satisfaccion-checkManifestLockResult.txt",
			);
			runOnlyForDeploymentPostprocessing = 0;
			shellPath = /bin/sh;
			shellScript = "diff \"${PODS_PODFILE_DIR_PATH}/Podfile.lock\" \"${PODS_ROOT}/Manifest.lock\" > /dev/null\nif [ $? != 0 ] ; then\n    # print error to STDERR\n    echo \"error: The sandbox is not in sync with the Podfile.lock. Run 'pod install' or update your CocoaPods installation.\" >&2\n    exit 1\nfi\n# This output is used by Xcode 'outputs' to avoid re-running this script phase.\necho \"SUCCESS\" > \"${SCRIPT_OUTPUT_FILE_0}\"\n";
			showEnvVarsInLog = 0;
		};
		CB412C3AA596D4E11D529C4F /* [CP] Embed Pods Frameworks */ = {
			isa = PBXShellScriptBuildPhase;
			buildActionMask = 2147483647;
			files = (
			);
			inputFileListPaths = (
			);
			inputPaths = (
				"${SRCROOT}/Pods/Target Support Files/Pods-grafica-satisfaccion/Pods-grafica-satisfaccion-frameworks.sh",
				"${BUILT_PRODUCTS_DIR}/Charts/Charts.framework",
			);
			name = "[CP] Embed Pods Frameworks";
			outputFileListPaths = (
			);
			outputPaths = (
				"${TARGET_BUILD_DIR}/${FRAMEWORKS_FOLDER_PATH}/Charts.framework",
			);
			runOnlyForDeploymentPostprocessing = 0;
			shellPath = /bin/sh;
			shellScript = "\"${SRCROOT}/Pods/Target Support Files/Pods-grafica-satisfaccion/Pods-grafica-satisfaccion-frameworks.sh\"\n";
			showEnvVarsInLog = 0;
		};
/* End PBXShellScriptBuildPhase section */

/* Begin PBXSourcesBuildPhase section */
		6F1BBEF42312BF4E003601E0 /* Sources */ = {
			isa = PBXSourcesBuildPhase;
			buildActionMask = 2147483647;
			files = (
				6F1BBEFC2312BF4E003601E0 /* AppDelegate.swift in Sources */,
				6F1BBF212312DE98003601E0 /* PieChartTableViewCell.swift in Sources */,
				6F1BBF162312C648003601E0 /* ChartData.swift in Sources */,
				6F1BBF1B2312CE0D003601E0 /* ErrorAlertPresenter.swift in Sources */,
				6F1BBF142312C528003601E0 /* Question.swift in Sources */,
				6F1BBF102312C403003601E0 /* MainViewController.swift in Sources */,
				6F1BBF122312C41E003601E0 /* ChartViewController.swift in Sources */,
				6F1BBF1D2312CF25003601E0 /* Constants.swift in Sources */,
			);
			runOnlyForDeploymentPostprocessing = 0;
		};
/* End PBXSourcesBuildPhase section */

/* Begin PBXVariantGroup section */
		6F1BBEFF2312BF4E003601E0 /* Main.storyboard */ = {
			isa = PBXVariantGroup;
			children = (
				6F1BBF002312BF4E003601E0 /* Base */,
			);
			name = Main.storyboard;
			sourceTree = "<group>";
		};
		6F1BBF042312BF4F003601E0 /* LaunchScreen.storyboard */ = {
			isa = PBXVariantGroup;
			children = (
				6F1BBF052312BF4F003601E0 /* Base */,
			);
			name = LaunchScreen.storyboard;
			sourceTree = "<group>";
		};
/* End PBXVariantGroup section */

/* Begin XCBuildConfiguration section */
		6F1BBF082312BF4F003601E0 /* Debug */ = {
			isa = XCBuildConfiguration;
			buildSettings = {
				ALWAYS_SEARCH_USER_PATHS = NO;
				CLANG_ANALYZER_NONNULL = YES;
				CLANG_ANALYZER_NUMBER_OBJECT_CONVERSION = YES_AGGRESSIVE;
				CLANG_CXX_LANGUAGE_STANDARD = "gnu++14";
				CLANG_CXX_LIBRARY = "libc++";
				CLANG_ENABLE_MODULES = YES;
				CLANG_ENABLE_OBJC_ARC = YES;
				CLANG_ENABLE_OBJC_WEAK = YES;
				CLANG_WARN_BLOCK_CAPTURE_AUTORELEASING = YES;
				CLANG_WARN_BOOL_CONVERSION = YES;
				CLANG_WARN_COMMA = YES;
				CLANG_WARN_CONSTANT_CONVERSION = YES;
				CLANG_WARN_DEPRECATED_OBJC_IMPLEMENTATIONS = YES;
				CLANG_WARN_DIRECT_OBJC_ISA_USAGE = YES_ERROR;
				CLANG_WARN_DOCUMENTATION_COMMENTS = YES;
				CLANG_WARN_EMPTY_BODY = YES;
				CLANG_WARN_ENUM_CONVERSION = YES;
				CLANG_WARN_INFINITE_RECURSION = YES;
				CLANG_WARN_INT_CONVERSION = YES;
				CLANG_WARN_NON_LITERAL_NULL_CONVERSION = YES;
				CLANG_WARN_OBJC_IMPLICIT_RETAIN_SELF = YES;
				CLANG_WARN_OBJC_LITERAL_CONVERSION = YES;
				CLANG_WARN_OBJC_ROOT_CLASS = YES_ERROR;
				CLANG_WARN_RANGE_LOOP_ANALYSIS = YES;
				CLANG_WARN_STRICT_PROTOTYPES = YES;
				CLANG_WARN_SUSPICIOUS_MOVE = YES;
				CLANG_WARN_UNGUARDED_AVAILABILITY = YES_AGGRESSIVE;
				CLANG_WARN_UNREACHABLE_CODE = YES;
				CLANG_WARN__DUPLICATE_METHOD_MATCH = YES;
				CODE_SIGN_IDENTITY = "iPhone Developer";
				COPY_PHASE_STRIP = NO;
				DEBUG_INFORMATION_FORMAT = dwarf;
				ENABLE_STRICT_OBJC_MSGSEND = YES;
				ENABLE_TESTABILITY = YES;
				GCC_C_LANGUAGE_STANDARD = gnu11;
				GCC_DYNAMIC_NO_PIC = NO;
				GCC_NO_COMMON_BLOCKS = YES;
				GCC_OPTIMIZATION_LEVEL = 0;
				GCC_PREPROCESSOR_DEFINITIONS = (
					"DEBUG=1",
					"$(inherited)",
				);
				GCC_WARN_64_TO_32_BIT_CONVERSION = YES;
				GCC_WARN_ABOUT_RETURN_TYPE = YES_ERROR;
				GCC_WARN_UNDECLARED_SELECTOR = YES;
				GCC_WARN_UNINITIALIZED_AUTOS = YES_AGGRESSIVE;
				GCC_WARN_UNUSED_FUNCTION = YES;
				GCC_WARN_UNUSED_VARIABLE = YES;
				IPHONEOS_DEPLOYMENT_TARGET = 12.4;
				MTL_ENABLE_DEBUG_INFO = INCLUDE_SOURCE;
				MTL_FAST_MATH = YES;
				ONLY_ACTIVE_ARCH = YES;
				SDKROOT = iphoneos;
				SWIFT_ACTIVE_COMPILATION_CONDITIONS = DEBUG;
				SWIFT_OPTIMIZATION_LEVEL = "-Onone";
			};
			name = Debug;
		};
		6F1BBF092312BF4F003601E0 /* Release */ = {
			isa = XCBuildConfiguration;
			buildSettings = {
				ALWAYS_SEARCH_USER_PATHS = NO;
				CLANG_ANALYZER_NONNULL = YES;
				CLANG_ANALYZER_NUMBER_OBJECT_CONVERSION = YES_AGGRESSIVE;
				CLANG_CXX_LANGUAGE_STANDARD = "gnu++14";
				CLANG_CXX_LIBRARY = "libc++";
				CLANG_ENABLE_MODULES = YES;
				CLANG_ENABLE_OBJC_ARC = YES;
				CLANG_ENABLE_OBJC_WEAK = YES;
				CLANG_WARN_BLOCK_CAPTURE_AUTORELEASING = YES;
				CLANG_WARN_BOOL_CONVERSION = YES;
				CLANG_WARN_COMMA = YES;
				CLANG_WARN_CONSTANT_CONVERSION = YES;
				CLANG_WARN_DEPRECATED_OBJC_IMPLEMENTATIONS = YES;
				CLANG_WARN_DIRECT_OBJC_ISA_USAGE = YES_ERROR;
				CLANG_WARN_DOCUMENTATION_COMMENTS = YES;
				CLANG_WARN_EMPTY_BODY = YES;
				CLANG_WARN_ENUM_CONVERSION = YES;
				CLANG_WARN_INFINITE_RECURSION = YES;
				CLANG_WARN_INT_CONVERSION = YES;
				CLANG_WARN_NON_LITERAL_NULL_CONVERSION = YES;
				CLANG_WARN_OBJC_IMPLICIT_RETAIN_SELF = YES;
				CLANG_WARN_OBJC_LITERAL_CONVERSION = YES;
				CLANG_WARN_OBJC_ROOT_CLASS = YES_ERROR;
				CLANG_WARN_RANGE_LOOP_ANALYSIS = YES;
				CLANG_WARN_STRICT_PROTOTYPES = YES;
				CLANG_WARN_SUSPICIOUS_MOVE = YES;
				CLANG_WARN_UNGUARDED_AVAILABILITY = YES_AGGRESSIVE;
				CLANG_WARN_UNREACHABLE_CODE = YES;
				CLANG_WARN__DUPLICATE_METHOD_MATCH = YES;
				CODE_SIGN_IDENTITY = "iPhone Developer";
				COPY_PHASE_STRIP = NO;
				DEBUG_INFORMATION_FORMAT = "dwarf-with-dsym";
				ENABLE_NS_ASSERTIONS = NO;
				ENABLE_STRICT_OBJC_MSGSEND = YES;
				GCC_C_LANGUAGE_STANDARD = gnu11;
				GCC_NO_COMMON_BLOCKS = YES;
				GCC_WARN_64_TO_32_BIT_CONVERSION = YES;
				GCC_WARN_ABOUT_RETURN_TYPE = YES_ERROR;
				GCC_WARN_UNDECLARED_SELECTOR = YES;
				GCC_WARN_UNINITIALIZED_AUTOS = YES_AGGRESSIVE;
				GCC_WARN_UNUSED_FUNCTION = YES;
				GCC_WARN_UNUSED_VARIABLE = YES;
				IPHONEOS_DEPLOYMENT_TARGET = 12.4;
				MTL_ENABLE_DEBUG_INFO = NO;
				MTL_FAST_MATH = YES;
				SDKROOT = iphoneos;
				SWIFT_COMPILATION_MODE = wholemodule;
				SWIFT_OPTIMIZATION_LEVEL = "-O";
				VALIDATE_PRODUCT = YES;
			};
			name = Release;
		};
		6F1BBF0B2312BF4F003601E0 /* Debug */ = {
			isa = XCBuildConfiguration;
			baseConfigurationReference = 847BF4F630FE5C651504BE69 /* Pods-grafica-satisfaccion.debug.xcconfig */;
			buildSettings = {
				ASSETCATALOG_COMPILER_APPICON_NAME = AppIcon;
				CODE_SIGN_STYLE = Automatic;
				DEVELOPMENT_TEAM = RU5UU3CA89;
				INFOPLIST_FILE = "grafica-satisfaccion/Info.plist";
				IPHONEOS_DEPLOYMENT_TARGET = 12.0;
				LD_RUNPATH_SEARCH_PATHS = (
					"$(inherited)",
					"@executable_path/Frameworks",
				);
				PRODUCT_BUNDLE_IDENTIFIER = "com.josesantiago.grafica-satisfaccion";
				PRODUCT_NAME = "$(TARGET_NAME)";
				SWIFT_VERSION = 5.0;
				TARGETED_DEVICE_FAMILY = 1;
			};
			name = Debug;
		};
		6F1BBF0C2312BF4F003601E0 /* Release */ = {
			isa = XCBuildConfiguration;
			baseConfigurationReference = 8284C24220DC4B6209E8EB20 /* Pods-grafica-satisfaccion.release.xcconfig */;
			buildSettings = {
				ASSETCATALOG_COMPILER_APPICON_NAME = AppIcon;
				CODE_SIGN_STYLE = Automatic;
				DEVELOPMENT_TEAM = RU5UU3CA89;
				INFOPLIST_FILE = "grafica-satisfaccion/Info.plist";
				IPHONEOS_DEPLOYMENT_TARGET = 12.0;
				LD_RUNPATH_SEARCH_PATHS = (
					"$(inherited)",
					"@executable_path/Frameworks",
				);
				PRODUCT_BUNDLE_IDENTIFIER = "com.josesantiago.grafica-satisfaccion";
				PRODUCT_NAME = "$(TARGET_NAME)";
				SWIFT_VERSION = 5.0;
				TARGETED_DEVICE_FAMILY = 1;
			};
			name = Release;
		};
/* End XCBuildConfiguration section */

/* Begin XCConfigurationList section */
		6F1BBEF32312BF4E003601E0 /* Build configuration list for PBXProject "grafica-satisfaccion" */ = {
			isa = XCConfigurationList;
			buildConfigurations = (
				6F1BBF082312BF4F003601E0 /* Debug */,
				6F1BBF092312BF4F003601E0 /* Release */,
			);
			defaultConfigurationIsVisible = 0;
			defaultConfigurationName = Release;
		};
		6F1BBF0A2312BF4F003601E0 /* Build configuration list for PBXNativeTarget "grafica-satisfaccion" */ = {
			isa = XCConfigurationList;
			buildConfigurations = (
				6F1BBF0B2312BF4F003601E0 /* Debug */,
				6F1BBF0C2312BF4F003601E0 /* Release */,
			);
			defaultConfigurationIsVisible = 0;
			defaultConfigurationName = Release;
		};
/* End XCConfigurationList section */
	};
	rootObject = 6F1BBEF02312BF4E003601E0 /* Project object */;
}
